
Microsoft Visual Studio Solution File, Format Version 12.00
Project("{FAE04EC0-301F-11D3-BF4B-00C04F79EFBC}") = "HelloLambda", "HelloLambda\src\HelloLambda\HelloLambda.csproj", "{0E9F9EA0-E94C-4607-A12D-39AD1BB722FB}"
EndProject
Project("{FAE04EC0-301F-11D3-BF4B-00C04F79EFBC}") = "HelloLambdaContainer", "HelloLambdaContainer\src\HelloLambdaContainer\HelloLambdaContainer.csproj", "{7FFBABD3-8513-4827-92A4-0619F258DF5B}"
EndProject
Project("{FAE04EC0-301F-11D3-BF4B-00C04F79EFBC}") = "HelloBeanstalk", "HelloBeanstalk\HelloBeanstalk.csproj", "{73895090-B8CC-4850-90B7-94097F15B9C2}"
EndProject
Project("{FAE04EC0-301F-11D3-BF4B-00C04F79EFBC}") = "HelloAppRunner", "HelloAppRunner\HelloAppRunner.csproj", "{837F9E30-AD65-4A9C-BE9C-41FBC755C407}"
EndProject
Project("{FAE04EC0-301F-11D3-BF4B-00C04F79EFBC}") = "HelloS3", "HelloS3\HelloS3.csproj", "{E835244E-6699-4412-A1F8-4F0086622B8D}"
EndProject
Project("{FAE04EC0-301F-11D3-BF4B-00C04F79EFBC}") = "HelloSQS-Store", "HelloSQS-Store\HelloSQS-Store.csproj", "{B65B42B0-0522-4633-89EC-4A10255C8208}"
EndProject
Project("{FAE04EC0-301F-11D3-BF4B-00C04F79EFBC}") = "HelloSQS-Fulfill", "HelloSQS-Fulfill\HelloSQS-Fulfill.csproj", "{FE556DE8-26E9-47D2-A3AE-BA15335B787B}"
EndProject
Global
	GlobalSection(SolutionConfigurationPlatforms) = preSolution
		Debug|Any CPU = Debug|Any CPU
		Release|Any CPU = Release|Any CPU
	EndGlobalSection
	GlobalSection(ProjectConfigurationPlatforms) = postSolution
		{0E9F9EA0-E94C-4607-A12D-39AD1BB722FB}.Debug|Any CPU.ActiveCfg = Debug|Any CPU
		{0E9F9EA0-E94C-4607-A12D-39AD1BB722FB}.Debug|Any CPU.Build.0 = Debug|Any CPU
		{0E9F9EA0-E94C-4607-A12D-39AD1BB722FB}.Release|Any CPU.ActiveCfg = Release|Any CPU
		{0E9F9EA0-E94C-4607-A12D-39AD1BB722FB}.Release|Any CPU.Build.0 = Release|Any CPU
		{7FFBABD3-8513-4827-92A4-0619F258DF5B}.Debug|Any CPU.ActiveCfg = Debug|Any CPU
		{7FFBABD3-8513-4827-92A4-0619F258DF5B}.Debug|Any CPU.Build.0 = Debug|Any CPU
		{7FFBABD3-8513-4827-92A4-0619F258DF5B}.Release|Any CPU.ActiveCfg = Release|Any CPU
		{7FFBABD3-8513-4827-92A4-0619F258DF5B}.Release|Any CPU.Build.0 = Release|Any CPU
		{73895090-B8CC-4850-90B7-94097F15B9C2}.Debug|Any CPU.ActiveCfg = Debug|Any CPU
		{73895090-B8CC-4850-90B7-94097F15B9C2}.Debug|Any CPU.Build.0 = Debug|Any CPU
		{73895090-B8CC-4850-90B7-94097F15B9C2}.Release|Any CPU.ActiveCfg = Release|Any CPU
		{73895090-B8CC-4850-90B7-94097F15B9C2}.Release|Any CPU.Build.0 = Release|Any CPU
		{837F9E30-AD65-4A9C-BE9C-41FBC755C407}.Debug|Any CPU.ActiveCfg = Debug|Any CPU
		{837F9E30-AD65-4A9C-BE9C-41FBC755C407}.Debug|Any CPU.Build.0 = Debug|Any CPU
		{837F9E30-AD65-4A9C-BE9C-41FBC755C407}.Release|Any CPU.ActiveCfg = Release|Any CPU
		{837F9E30-AD65-4A9C-BE9C-41FBC755C407}.Release|Any CPU.Build.0 = Release|Any CPU
		{E835244E-6699-4412-A1F8-4F0086622B8D}.Debug|Any CPU.ActiveCfg = Debug|Any CPU
		{E835244E-6699-4412-A1F8-4F0086622B8D}.Debug|Any CPU.Build.0 = Debug|Any CPU
		{E835244E-6699-4412-A1F8-4F0086622B8D}.Release|Any CPU.ActiveCfg = Release|Any CPU
		{E835244E-6699-4412-A1F8-4F0086622B8D}.Release|Any CPU.Build.0 = Release|Any CPU
		{B65B42B0-0522-4633-89EC-4A10255C8208}.Debug|Any CPU.ActiveCfg = Debug|Any CPU
		{B65B42B0-0522-4633-89EC-4A10255C8208}.Debug|Any CPU.Build.0 = Debug|Any CPU
		{B65B42B0-0522-4633-89EC-4A10255C8208}.Release|Any CPU.ActiveCfg = Release|Any CPU
		{B65B42B0-0522-4633-89EC-4A10255C8208}.Release|Any CPU.Build.0 = Release|Any CPU
		{FE556DE8-26E9-47D2-A3AE-BA15335B787B}.Debug|Any CPU.ActiveCfg = Debug|Any CPU
		{FE556DE8-26E9-47D2-A3AE-BA15335B787B}.Debug|Any CPU.Build.0 = Debug|Any CPU
		{FE556DE8-26E9-47D2-A3AE-BA15335B787B}.Release|Any CPU.ActiveCfg = Release|Any CPU
		{FE556DE8-26E9-47D2-A3AE-BA15335B787B}.Release|Any CPU.Build.0 = Release|Any CPU
	EndGlobalSection
EndGlobal
